
Microsoft Visual Studio Solution File, Format Version 12.00
# Visual Studio 15
VisualStudioVersion = 15.0.27130.2027
MinimumVisualStudioVersion = 10.0.40219.1
Project("{FAE04EC0-301F-11D3-BF4B-00C04F79EFBC}") = "FSPServerV2.Console", "FSPServerV2\FSPServerV2.Console.csproj", "{BE57D40B-A6F1-4DE4-8AA3-5D23C120DC88}"
EndProject
Project("{FAE04EC0-301F-11D3-BF4B-00C04F79EFBC}") = "FSPServerV2.Library", "FSPServerV2.Library\FSPServerV2.Library.csproj", "{B83F3DC4-391F-4467-8C20-12179F5622B1}"
EndProject
Project("{FAE04EC0-301F-11D3-BF4B-00C04F79EFBC}") = "FSPServerV2.FormApp", "FSPServerV2.FormApp\FSPServerV2.FormApp.csproj", "{D9627540-8C82-4303-9E8A-C11E76792634}"
EndProject
Global
	GlobalSection(SolutionConfigurationPlatforms) = preSolution
		Debug|Any CPU = Debug|Any CPU
		Release|Any CPU = Release|Any CPU
	EndGlobalSection
	GlobalSection(ProjectConfigurationPlatforms) = postSolution
		{BE57D40B-A6F1-4DE4-8AA3-5D23C120DC88}.Debug|Any CPU.ActiveCfg = Debug|Any CPU
		{BE57D40B-A6F1-4DE4-8AA3-5D23C120DC88}.Debug|Any CPU.Build.0 = Debug|Any CPU
		{BE57D40B-A6F1-4DE4-8AA3-5D23C120DC88}.Release|Any CPU.ActiveCfg = Release|Any CPU
		{BE57D40B-A6F1-4DE4-8AA3-5D23C120DC88}.Release|Any CPU.Build.0 = Release|Any CPU
		{B83F3DC4-391F-4467-8C20-12179F5622B1}.Debug|Any CPU.ActiveCfg = Debug|Any CPU
		{B83F3DC4-391F-4467-8C20-12179F5622B1}.Debug|Any CPU.Build.0 = Debug|Any CPU
		{B83F3DC4-391F-4467-8C20-12179F5622B1}.Release|Any CPU.ActiveCfg = Release|Any CPU
		{B83F3DC4-391F-4467-8C20-12179F5622B1}.Release|Any CPU.Build.0 = Release|Any CPU
		{D9627540-8C82-4303-9E8A-C11E76792634}.Debug|Any CPU.ActiveCfg = Debug|Any CPU
		{D9627540-8C82-4303-9E8A-C11E76792634}.Debug|Any CPU.Build.0 = Debug|Any CPU
		{D9627540-8C82-4303-9E8A-C11E76792634}.Release|Any CPU.ActiveCfg = Release|Any CPU
		{D9627540-8C82-4303-9E8A-C11E76792634}.Release|Any CPU.Build.0 = Release|Any CPU
	EndGlobalSection
	GlobalSection(SolutionProperties) = preSolution
		HideSolutionNode = FALSE
	EndGlobalSection
	GlobalSection(ExtensibilityGlobals) = postSolution
		SolutionGuid = {3D7C2F70-6CD0-411C-850F-7CF3A73A2993}
	EndGlobalSection
EndGlobal
